
Microsoft Visual Studio Solution File, Format Version 12.00
# Visual Studio Version 16
VisualStudioVersion = 16.0.29503.13
MinimumVisualStudioVersion = 10.0.40219.1
Project("{8BC9CEB8-8B4A-11D0-8D11-00A0C91BC942}") = "PDR-Meta-heuristic", "PDR-Meta-heuristic.vcxproj", "{595D1E38-6243-4603-92FB-D60E039A7E51}"
EndProject
Global
	GlobalSection(SolutionConfigurationPlatforms) = preSolution
		Debug|x64 = Debug|x64
		Debug|x86 = Debug|x86
		Release|x64 = Release|x64
		Release|x86 = Release|x86
	EndGlobalSection
	GlobalSection(ProjectConfigurationPlatforms) = postSolution
		{595D1E38-6243-4603-92FB-D60E039A7E51}.Debug|x64.ActiveCfg = Debug|x64
		{595D1E38-6243-4603-92FB-D60E039A7E51}.Debug|x64.Build.0 = Debug|x64
		{595D1E38-6243-4603-92FB-D60E039A7E51}.Debug|x86.ActiveCfg = Debug|Win32
		{595D1E38-6243-4603-92FB-D60E039A7E51}.Debug|x86.Build.0 = Debug|Win32
		{595D1E38-6243-4603-92FB-D60E039A7E51}.Release|x64.ActiveCfg = Release|x64
		{595D1E38-6243-4603-92FB-D60E039A7E51}.Release|x64.Build.0 = Release|x64
		{595D1E38-6243-4603-92FB-D60E039A7E51}.Release|x86.ActiveCfg = Release|Win32
		{595D1E38-6243-4603-92FB-D60E039A7E51}.Release|x86.Build.0 = Release|Win32
	EndGlobalSection
	GlobalSection(SolutionProperties) = preSolution
		HideSolutionNode = FALSE
	EndGlobalSection
	GlobalSection(ExtensibilityGlobals) = postSolution
		SolutionGuid = {EC799B13-70BF-4B6F-A93F-DA3000E8AC1D}
	EndGlobalSection
EndGlobal
